{
  "name": "lab-2",
  "version": "1.0.0",
  "lockfileVersion": 1,
  "requires": true,
  "dependencies": {
    "estraverse": {
      "version": "4.2.0",
      "resolved": "https://registry.npmjs.org/estraverse/-/estraverse-4.2.0.tgz",
      "integrity": "sha1-De4/7TH81GlhjOc0IJn8GvoL2xM="
    },
    "esutils": {
      "version": "2.0.2",
      "resolved": "https://registry.npmjs.org/esutils/-/esutils-2.0.2.tgz",
      "integrity": "sha1-Cr9PHKpbyx96nYrMbepPqqBLrJs="
    },
    "multimap": {
      "version": "1.0.2",
      "resolved": "https://registry.npmjs.org/multimap/-/multimap-1.0.2.tgz",
      "integrity": "sha1-aqdvwyM5BbqUi75MdNwsOgNW6zY="
    },
    "object-assign": {
      "version": "4.1.1",
      "resolved": "https://registry.npmjs.org/object-assign/-/object-assign-4.1.1.tgz",
      "integrity": "sha1-IQmtx5ZYh8/AXLvUQsrIv7s2CGM="
    },
    "shift-ast": {
      "version": "5.0.0",
      "resolved": "https://registry.npmjs.org/shift-ast/-/shift-ast-5.0.0.tgz",
      "integrity": "sha512-kMhr/GwgrQ1U2kaa50sD5YxNDQEZHAZigVwrf/NNeezb6oiYnpPMV8v1WVRhCW8sjI7xUdzuPujSQ3gA2IuUAQ=="
    },
    "shift-codegen": {
      "version": "6.0.0",
      "resolved": "https://registry.npmjs.org/shift-codegen/-/shift-codegen-6.0.0.tgz",
      "integrity": "sha512-zETcFzj+ZnaHeqEX23on7cUHzOxLkkkAs55vUGJ3YRCbW0taYJgA7L7YHih5jf+lyGc+b3DnepIMM0qQyEQpgw==",
      "requires": {
        "esutils": "^2.0.2",
        "object-assign": "^4.1.0",
        "shift-reducer": "5.0.0"
      }
    },
    "shift-parser": {
      "version": "6.0.1",
      "resolved": "https://registry.npmjs.org/shift-parser/-/shift-parser-6.0.1.tgz",
      "integrity": "sha512-djliLGkzKyK+CS0NYoML0Db1/1+66d4hVFPHZb9e3jXWM0dHp+Ffb3QHD7PKsNuQFIcSU97BCoAPQ+AQlf0SKQ==",
      "requires": {
        "multimap": "^1.0.2",
        "shift-ast": "^5.0.0",
        "shift-reducer": "^5.0.0",
        "shift-regexp-acceptor": "^1.0.1"
      }
    },
    "shift-reducer": {
      "version": "5.0.0",
      "resolved": "https://registry.npmjs.org/shift-reducer/-/shift-reducer-5.0.0.tgz",
      "integrity": "sha512-Jgr6kPMZuzsQ63NdeLJT6BZvtJ6IDbYFBVqiid1bZlwxeJYq81Cj2Wc4UUERjO4Q9tz5U4KpWaZhitjcBvfiYA==",
      "requires": {
        "shift-ast": "5.0.0"
      }
    },
    "shift-regexp-acceptor": {
      "version": "1.0.1",
      "resolved": "https://registry.npmjs.org/shift-regexp-acceptor/-/shift-regexp-acceptor-1.0.1.tgz",
      "integrity": "sha512-GresOV14wluN2snjx4GGaRgdS0H7JJ5Ikw+4vLd+QC68pOOXeY/8TbxzEflf8maz/10FmjH/Lq0T9o3EofO4wA=="
    },
    "shift-spec": {
      "version": "2018.0.2",
      "resolved": "https://registry.npmjs.org/shift-spec/-/shift-spec-2018.0.2.tgz",
      "integrity": "sha512-5CP/cKDEim4rZ6ViCSipTLY2U7HJr8q/kpDuCBmebFqbx/0DeozWO+9ienHmYjgGLDfHrqj+LBAN67FRK2vE6w=="
    },
    "shift-traverse": {
      "version": "github:jsoverson/shift-traverse-js#5f599e9239581f8a4e7d0e0fb7ff40d256580c6f",
      "from": "github:jsoverson/shift-traverse-js#2017-update",
      "requires": {
        "estraverse": "^4.2.0",
        "object-assign": "^2.0.0",
        "shift-spec": "^2018.0.0"
      },
      "dependencies": {
        "object-assign": {
          "version": "2.1.1",
          "resolved": "https://registry.npmjs.org/object-assign/-/object-assign-2.1.1.tgz",
          "integrity": "sha1-Q8NuXVaf+OSBbE76i+AtJpZ8GKo="
        }
      }
    }
  }
}
